
Microsoft Visual Studio Solution File, Format Version 12.00
# Visual Studio 15
VisualStudioVersion = 15.0.26730.16
MinimumVisualStudioVersion = 10.0.40219.1
Project("{FAE04EC0-301F-11D3-BF4B-00C04F79EFBC}") = "age_distribution", "age_distribution\age_distribution.csproj", "{BDFD3410-D582-4FC3-B5B1-6BF09B5EA516}"
EndProject
Global
	GlobalSection(SolutionConfigurationPlatforms) = preSolution
		Debug|Any CPU = Debug|Any CPU
		Release|Any CPU = Release|Any CPU
	EndGlobalSection
	GlobalSection(ProjectConfigurationPlatforms) = postSolution
		{BDFD3410-D582-4FC3-B5B1-6BF09B5EA516}.Debug|Any CPU.ActiveCfg = Debug|Any CPU
		{BDFD3410-D582-4FC3-B5B1-6BF09B5EA516}.Debug|Any CPU.Build.0 = Debug|Any CPU
		{BDFD3410-D582-4FC3-B5B1-6BF09B5EA516}.Release|Any CPU.ActiveCfg = Release|Any CPU
		{BDFD3410-D582-4FC3-B5B1-6BF09B5EA516}.Release|Any CPU.Build.0 = Release|Any CPU
	EndGlobalSection
	GlobalSection(SolutionProperties) = preSolution
		HideSolutionNode = FALSE
	EndGlobalSection
	GlobalSection(ExtensibilityGlobals) = postSolution
		SolutionGuid = {B985815F-9E32-44D7-9C22-898A39A9964F}
	EndGlobalSection
EndGlobal
